
Microsoft Visual Studio Solution File, Format Version 12.00
# Visual Studio Version 17
VisualStudioVersion = 17.5.33530.505
MinimumVisualStudioVersion = 10.0.40219.1
Project("{FAE04EC0-301F-11D3-BF4B-00C04F79EFBC}") = "casestudy", "casestudy.csproj", "{37C1FC3F-C3F0-4DB0-8C68-8540CFA79DDC}"
EndProject
Global
	GlobalSection(SolutionConfigurationPlatforms) = preSolution
		Debug|Any CPU = Debug|Any CPU
		Release|Any CPU = Release|Any CPU
	EndGlobalSection
	GlobalSection(ProjectConfigurationPlatforms) = postSolution
		{37C1FC3F-C3F0-4DB0-8C68-8540CFA79DDC}.Debug|Any CPU.ActiveCfg = Debug|Any CPU
		{37C1FC3F-C3F0-4DB0-8C68-8540CFA79DDC}.Debug|Any CPU.Build.0 = Debug|Any CPU
		{37C1FC3F-C3F0-4DB0-8C68-8540CFA79DDC}.Release|Any CPU.ActiveCfg = Release|Any CPU
		{37C1FC3F-C3F0-4DB0-8C68-8540CFA79DDC}.Release|Any CPU.Build.0 = Release|Any CPU
	EndGlobalSection
	GlobalSection(SolutionProperties) = preSolution
		HideSolutionNode = FALSE
	EndGlobalSection
	GlobalSection(ExtensibilityGlobals) = postSolution
		SolutionGuid = {2D4AA362-0FCB-4F51-80C7-B11F1F2901BF}
	EndGlobalSection
EndGlobal
